// !$*UTF8*$!
{
	archiveVersion = 1;
	classes = {
	};
	objectVersion = 46;
	objects = {

/* Begin PBXBuildFile section */
		EC7E64BC1EE96093009E6ADA /* AppDelegate.swift in Sources */ = {isa = PBXBuildFile; fileRef = EC7E64BB1EE96093009E6ADA /* AppDelegate.swift */; };
		EC7E64BE1EE96093009E6ADA /* ViewController.swift in Sources */ = {isa = PBXBuildFile; fileRef = EC7E64BD1EE96093009E6ADA /* ViewController.swift */; };
		EC7E64C11EE96093009E6ADA /* Main.storyboard in Resources */ = {isa = PBXBuildFile; fileRef = EC7E64BF1EE96093009E6ADA /* Main.storyboard */; };
		EC7E64C41EE96093009E6ADA /* pro2.xcdatamodeld in Sources */ = {isa = PBXBuildFile; fileRef = EC7E64C21EE96093009E6ADA /* pro2.xcdatamodeld */; };
		EC7E64C61EE96093009E6ADA /* Assets.xcassets in Resources */ = {isa = PBXBuildFile; fileRef = EC7E64C51EE96093009E6ADA /* Assets.xcassets */; };
		EC7E64C91EE96093009E6ADA /* LaunchScreen.storyboard in Resources */ = {isa = PBXBuildFile; fileRef = EC7E64C71EE96093009E6ADA /* LaunchScreen.storyboard */; };
/* End PBXBuildFile section */

/* Begin PBXFileReference section */
		EC7E64B81EE96093009E6ADA /* pro2.app */ = {isa = PBXFileReference; explicitFileType = wrapper.application; includeInIndex = 0; path = pro2.app; sourceTree = BUILT_PRODUCTS_DIR; };
		EC7E64BB1EE96093009E6ADA /* AppDelegate.swift */ = {isa = PBXFileReference; lastKnownFileType = sourcecode.swift; path = AppDelegate.swift; sourceTree = "<group>"; };
		EC7E64BD1EE96093009E6ADA /* ViewController.swift */ = {isa = PBXFileReference; lastKnownFileType = sourcecode.swift; path = ViewController.swift; sourceTree = "<group>"; };
		EC7E64C01EE96093009E6ADA /* Base */ = {isa = PBXFileReference; lastKnownFileType = file.storyboard; name = Base; path = Base.lproj/Main.storyboard; sourceTree = "<group>"; };
		EC7E64C31EE96093009E6ADA /* pro2.xcdatamodel */ = {isa = PBXFileReference; lastKnownFileType = wrapper.xcdatamodel; path = pro2.xcdatamodel; sourceTree = "<group>"; };
		EC7E64C51EE96093009E6ADA /* Assets.xcassets */ = {isa = PBXFileReference; lastKnownFileType = folder.assetcatalog; path = Assets.xcassets; sourceTree = "<group>"; };
		EC7E64C81EE96093009E6ADA /* Base */ = {isa = PBXFileReference; lastKnownFileType = file.storyboard; name = Base; path = Base.lproj/LaunchScreen.storyboard; sourceTree = "<group>"; };
		EC7E64CA1EE96093009E6ADA /* Info.plist */ = {isa = PBXFileReference; lastKnownFileType = text.plist.xml; path = Info.plist; sourceTree = "<group>"; };
/* End PBXFileReference section */

/* Begin PBXFrameworksBuildPhase section */
		EC7E64B51EE96093009E6ADA /* Frameworks */ = {
			isa = PBXFrameworksBuildPhase;
			buildActionMask = 2147483647;
			files = (
			);
			runOnlyForDeploymentPostprocessing = 0;
		};
/* End PBXFrameworksBuildPhase section */

/* Begin PBXGroup section */
		EC7E64AF1EE96093009E6ADA = {
			isa = PBXGroup;
			children = (
				EC7E64BA1EE96093009E6ADA /* pro2 */,
				EC7E64B91EE96093009E6ADA /* Products */,
			);
			sourceTree = "<group>";
		};
		EC7E64B91EE96093009E6ADA /* Products */ = {
			isa = PBXGroup;
			children = (
				EC7E64B81EE96093009E6ADA /* pro2.app */,
			);
			name = Products;
			sourceTree = "<group>";
		};
		EC7E64BA1EE96093009E6ADA /* pro2 */ = {
			isa = PBXGroup;
			children = (
				EC7E64BB1EE96093009E6ADA /* AppDelegate.swift */,
				EC7E64BD1EE96093009E6ADA /* ViewController.swift */,
				EC7E64BF1EE96093009E6ADA /* Main.storyboard */,
				EC7E64C51EE96093009E6ADA /* Assets.xcassets */,
				EC7E64C71EE96093009E6ADA /* LaunchScreen.storyboard */,
				EC7E64CA1EE96093009E6ADA /* Info.plist */,
				EC7E64C21EE96093009E6ADA /* pro2.xcdatamodeld */,
			);
			path = pro2;
			sourceTree = "<group>";
		};
/* End PBXGroup section */

/* Begin PBXNativeTarget section */
		EC7E64B71EE96093009E6ADA /* pro2 */ = {
			isa = PBXNativeTarget;
			buildConfigurationList = EC7E64CD1EE96093009E6ADA /* Build configuration list for PBXNativeTarget "pro2" */;
			buildPhases = (
				EC7E64B41EE96093009E6ADA /* Sources */,
				EC7E64B51EE96093009E6ADA /* Frameworks */,
				EC7E64B61EE96093009E6ADA /* Resources */,
			);
			buildRules = (
			);
			dependencies = (
			);
			name = pro2;
			productName = pro2;
			productReference = EC7E64B81EE96093009E6ADA /* pro2.app */;
			productType = "com.apple.product-type.application";
		};
/* End PBXNativeTarget section */

/* Begin PBXProject section */
		EC7E64B01EE96093009E6ADA /* Project object */ = {
			isa = PBXProject;
			attributes = {
				LastSwiftUpdateCheck = 0820;
				LastUpgradeCheck = 0820;
				ORGANIZATIONNAME = Intern;
				TargetAttributes = {
					EC7E64B71EE96093009E6ADA = {
						CreatedOnToolsVersion = 8.2.1;
						DevelopmentTeam = EPRAJ965WT;
						ProvisioningStyle = Automatic;
					};
				};
			};
			buildConfigurationList = EC7E64B31EE96093009E6ADA /* Build configuration list for PBXProject "pro2" */;
			compatibilityVersion = "Xcode 3.2";
			developmentRegion = English;
			hasScannedForEncodings = 0;
			knownRegions = (
				en,
				Base,
			);
			mainGroup = EC7E64AF1EE96093009E6ADA;
			productRefGroup = EC7E64B91EE96093009E6ADA /* Products */;
			projectDirPath = "";
			projectRoot = "";
			targets = (
				EC7E64B71EE96093009E6ADA /* pro2 */,
			);
		};
/* End PBXProject section */

/* Begin PBXResourcesBuildPhase section */
		EC7E64B61EE96093009E6ADA /* Resources */ = {
			isa = PBXResourcesBuildPhase;
			buildActionMask = 2147483647;
			files = (
				EC7E64C91EE96093009E6ADA /* LaunchScreen.storyboard in Resources */,
				EC7E64C61EE96093009E6ADA /* Assets.xcassets in Resources */,
				EC7E64C11EE96093009E6ADA /* Main.storyboard in Resources */,
			);
			runOnlyForDeploymentPostprocessing = 0;
		};
/* End PBXResourcesBuildPhase section */

/* Begin PBXSourcesBuildPhase section */
		EC7E64B41EE96093009E6ADA /* Sources */ = {
			isa = PBXSourcesBuildPhase;
			buildActionMask = 2147483647;
			files = (
				EC7E64BE1EE96093009E6ADA /* ViewController.swift in Sources */,
				EC7E64C41EE96093009E6ADA /* pro2.xcdatamodeld in Sources */,
				EC7E64BC1EE96093009E6ADA /* AppDelegate.swift in Sources */,
			);
			runOnlyForDeploymentPostprocessing = 0;
		};
/* End PBXSourcesBuildPhase section */

/* Begin PBXVariantGroup section */
		EC7E64BF1EE96093009E6ADA /* Main.storyboard */ = {
			isa = PBXVariantGroup;
			children = (
				EC7E64C01EE96093009E6ADA /* Base */,
			);
			name = Main.storyboard;
			sourceTree = "<group>";
		};
		EC7E64C71EE96093009E6ADA /* LaunchScreen.storyboard */ = {
			isa = PBXVariantGroup;
			children = (
				EC7E64C81EE96093009E6ADA /* Base */,
			);
			name = LaunchScreen.storyboard;
			sourceTree = "<group>";
		};
/* End PBXVariantGroup section */

/* Begin XCBuildConfiguration section */
		EC7E64CB1EE96093009E6ADA /* Debug */ = {
			isa = XCBuildConfiguration;
			buildSettings = {
				ALWAYS_SEARCH_USER_PATHS = NO;
				CLANG_ANALYZER_NONNULL = YES;
				CLANG_CXX_LANGUAGE_STANDARD = "gnu++0x";
				CLANG_CXX_LIBRARY = "libc++";
				CLANG_ENABLE_MODULES = YES;
				CLANG_ENABLE_OBJC_ARC = YES;
				CLANG_WARN_BOOL_CONVERSION = YES;
				CLANG_WARN_CONSTANT_CONVERSION = YES;
				CLANG_WARN_DIRECT_OBJC_ISA_USAGE = YES_ERROR;
				CLANG_WARN_DOCUMENTATION_COMMENTS = YES;
				CLANG_WARN_EMPTY_BODY = YES;
				CLANG_WARN_ENUM_CONVERSION = YES;
				CLANG_WARN_INFINITE_RECURSION = YES;
				CLANG_WARN_INT_CONVERSION = YES;
				CLANG_WARN_OBJC_ROOT_CLASS = YES_ERROR;
				CLANG_WARN_SUSPICIOUS_MOVE = YES;
				CLANG_WARN_UNREACHABLE_CODE = YES;
				CLANG_WARN__DUPLICATE_METHOD_MATCH = YES;
				"CODE_SIGN_IDENTITY[sdk=iphoneos*]" = "iPhone Developer";
				COPY_PHASE_STRIP = NO;
				DEBUG_INFORMATION_FORMAT = dwarf;
				ENABLE_STRICT_OBJC_MSGSEND = YES;
				ENABLE_TESTABILITY = YES;
				GCC_C_LANGUAGE_STANDARD = gnu99;
				GCC_DYNAMIC_NO_PIC = NO;
				GCC_NO_COMMON_BLOCKS = YES;
				GCC_OPTIMIZATION_LEVEL = 0;
				GCC_PREPROCESSOR_DEFINITIONS = (
					"DEBUG=1",
					"$(inherited)",
				);
				GCC_WARN_64_TO_32_BIT_CONVERSION = YES;
				GCC_WARN_ABOUT_RETURN_TYPE = YES_ERROR;
				GCC_WARN_UNDECLARED_SELECTOR = YES;
				GCC_WARN_UNINITIALIZED_AUTOS = YES_AGGRESSIVE;
				GCC_WARN_UNUSED_FUNCTION = YES;
				GCC_WARN_UNUSED_VARIABLE = YES;
				IPHONEOS_DEPLOYMENT_TARGET = 10.2;
				MTL_ENABLE_DEBUG_INFO = YES;
				ONLY_ACTIVE_ARCH = YES;
				SDKROOT = iphoneos;
				SWIFT_ACTIVE_COMPILATION_CONDITIONS = DEBUG;
				SWIFT_OPTIMIZATION_LEVEL = "-Onone";
			};
			name = Debug;
		};
		EC7E64CC1EE96093009E6ADA /* Release */ = {
			isa = XCBuildConfiguration;
			buildSettings = {
				ALWAYS_SEARCH_USER_PATHS = NO;
				CLANG_ANALYZER_NONNULL = YES;
				CLANG_CXX_LANGUAGE_STANDARD = "gnu++0x";
				CLANG_CXX_LIBRARY = "libc++";
				CLANG_ENABLE_MODULES = YES;
				CLANG_ENABLE_OBJC_ARC = YES;
				CLANG_WARN_BOOL_CONVERSION = YES;
				CLANG_WARN_CONSTANT_CONVERSION = YES;
				CLANG_WARN_DIRECT_OBJC_ISA_USAGE = YES_ERROR;
				CLANG_WARN_DOCUMENTATION_COMMENTS = YES;
				CLANG_WARN_EMPTY_BODY = YES;
				CLANG_WARN_ENUM_CONVERSION = YES;
				CLANG_WARN_INFINITE_RECURSION = YES;
				CLANG_WARN_INT_CONVERSION = YES;
				CLANG_WARN_OBJC_ROOT_CLASS = YES_ERROR;
				CLANG_WARN_SUSPICIOUS_MOVE = YES;
				CLANG_WARN_UNREACHABLE_CODE = YES;
				CLANG_WARN__DUPLICATE_METHOD_MATCH = YES;
				"CODE_SIGN_IDENTITY[sdk=iphoneos*]" = "iPhone Developer";
				COPY_PHASE_STRIP = NO;
				DEBUG_INFORMATION_FORMAT = "dwarf-with-dsym";
				ENABLE_NS_ASSERTIONS = NO;
				ENABLE_STRICT_OBJC_MSGSEND = YES;
				GCC_C_LANGUAGE_STANDARD = gnu99;
				GCC_NO_COMMON_BLOCKS = YES;
				GCC_WARN_64_TO_32_BIT_CONVERSION = YES;
				GCC_WARN_ABOUT_RETURN_TYPE = YES_ERROR;
				GCC_WARN_UNDECLARED_SELECTOR = YES;
				GCC_WARN_UNINITIALIZED_AUTOS = YES_AGGRESSIVE;
				GCC_WARN_UNUSED_FUNCTION = YES;
				GCC_WARN_UNUSED_VARIABLE = YES;
				IPHONEOS_DEPLOYMENT_TARGET = 10.2;
				MTL_ENABLE_DEBUG_INFO = NO;
				SDKROOT = iphoneos;
				SWIFT_OPTIMIZATION_LEVEL = "-Owholemodule";
				VALIDATE_PRODUCT = YES;
			};
			name = Release;
		};
		EC7E64CE1EE96093009E6ADA /* Debug */ = {
			isa = XCBuildConfiguration;
			buildSettings = {
				ASSETCATALOG_COMPILER_APPICON_NAME = AppIcon;
				DEVELOPMENT_TEAM = EPRAJ965WT;
				INFOPLIST_FILE = pro2/Info.plist;
				LD_RUNPATH_SEARCH_PATHS = "$(inherited) @executable_path/Frameworks";
				PRODUCT_BUNDLE_IDENTIFIER = com.intern.pro2;
				PRODUCT_NAME = "$(TARGET_NAME)";
				SWIFT_VERSION = 3.0;
			};
			name = Debug;
		};
		EC7E64CF1EE96093009E6ADA /* Release */ = {
			isa = XCBuildConfiguration;
			buildSettings = {
				ASSETCATALOG_COMPILER_APPICON_NAME = AppIcon;
				DEVELOPMENT_TEAM = EPRAJ965WT;
				INFOPLIST_FILE = pro2/Info.plist;
				LD_RUNPATH_SEARCH_PATHS = "$(inherited) @executable_path/Frameworks";
				PRODUCT_BUNDLE_IDENTIFIER = com.intern.pro2;
				PRODUCT_NAME = "$(TARGET_NAME)";
				SWIFT_VERSION = 3.0;
			};
			name = Release;
		};
/* End XCBuildConfiguration section */

/* Begin XCConfigurationList section */
		EC7E64B31EE96093009E6ADA /* Build configuration list for PBXProject "pro2" */ = {
			isa = XCConfigurationList;
			buildConfigurations = (
				EC7E64CB1EE96093009E6ADA /* Debug */,
				EC7E64CC1EE96093009E6ADA /* Release */,
			);
			defaultConfigurationIsVisible = 0;
			defaultConfigurationName = Release;
		};
		EC7E64CD1EE96093009E6ADA /* Build configuration list for PBXNativeTarget "pro2" */ = {
			isa = XCConfigurationList;
			buildConfigurations = (
				EC7E64CE1EE96093009E6ADA /* Debug */,
				EC7E64CF1EE96093009E6ADA /* Release */,
			);
			defaultConfigurationIsVisible = 0;
		};
/* End XCConfigurationList section */

/* Begin XCVersionGroup section */
		EC7E64C21EE96093009E6ADA /* pro2.xcdatamodeld */ = {
			isa = XCVersionGroup;
			children = (
				EC7E64C31EE96093009E6ADA /* pro2.xcdatamodel */,
			);
			currentVersion = EC7E64C31EE96093009E6ADA /* pro2.xcdatamodel */;
			path = pro2.xcdatamodeld;
			sourceTree = "<group>";
			versionGroupType = wrapper.xcdatamodel;
		};
/* End XCVersionGroup section */
	};
	rootObject = EC7E64B01EE96093009E6ADA /* Project object */;
}
