// !$*UTF8*$!
{
	archiveVersion = 1;
	classes = {
	};
	objectVersion = 46;
	objects = {

/* Begin PBXBuildFile section */
		EC6899721EF13A5F00B41163 /* AppDelegate.swift in Sources */ = {isa = PBXBuildFile; fileRef = EC6899711EF13A5F00B41163 /* AppDelegate.swift */; };
		EC6899741EF13A5F00B41163 /* ViewController.swift in Sources */ = {isa = PBXBuildFile; fileRef = EC6899731EF13A5F00B41163 /* ViewController.swift */; };
		EC6899771EF13A5F00B41163 /* Main.storyboard in Resources */ = {isa = PBXBuildFile; fileRef = EC6899751EF13A5F00B41163 /* Main.storyboard */; };
		EC68997A1EF13A5F00B41163 /* pro2.xcdatamodeld in Sources */ = {isa = PBXBuildFile; fileRef = EC6899781EF13A5F00B41163 /* pro2.xcdatamodeld */; };
		EC68997C1EF13A5F00B41163 /* Assets.xcassets in Resources */ = {isa = PBXBuildFile; fileRef = EC68997B1EF13A5F00B41163 /* Assets.xcassets */; };
		EC68997F1EF13A5F00B41163 /* LaunchScreen.storyboard in Resources */ = {isa = PBXBuildFile; fileRef = EC68997D1EF13A5F00B41163 /* LaunchScreen.storyboard */; };
/* End PBXBuildFile section */

/* Begin PBXFileReference section */
		EC68996E1EF13A5F00B41163 /* pro2.app */ = {isa = PBXFileReference; explicitFileType = wrapper.application; includeInIndex = 0; path = pro2.app; sourceTree = BUILT_PRODUCTS_DIR; };
		EC6899711EF13A5F00B41163 /* AppDelegate.swift */ = {isa = PBXFileReference; lastKnownFileType = sourcecode.swift; path = AppDelegate.swift; sourceTree = "<group>"; };
		EC6899731EF13A5F00B41163 /* ViewController.swift */ = {isa = PBXFileReference; lastKnownFileType = sourcecode.swift; path = ViewController.swift; sourceTree = "<group>"; };
		EC6899761EF13A5F00B41163 /* Base */ = {isa = PBXFileReference; lastKnownFileType = file.storyboard; name = Base; path = Base.lproj/Main.storyboard; sourceTree = "<group>"; };
		EC6899791EF13A5F00B41163 /* pro2.xcdatamodel */ = {isa = PBXFileReference; lastKnownFileType = wrapper.xcdatamodel; path = pro2.xcdatamodel; sourceTree = "<group>"; };
		EC68997B1EF13A5F00B41163 /* Assets.xcassets */ = {isa = PBXFileReference; lastKnownFileType = folder.assetcatalog; path = Assets.xcassets; sourceTree = "<group>"; };
		EC68997E1EF13A5F00B41163 /* Base */ = {isa = PBXFileReference; lastKnownFileType = file.storyboard; name = Base; path = Base.lproj/LaunchScreen.storyboard; sourceTree = "<group>"; };
		EC6899801EF13A5F00B41163 /* Info.plist */ = {isa = PBXFileReference; lastKnownFileType = text.plist.xml; path = Info.plist; sourceTree = "<group>"; };
/* End PBXFileReference section */

/* Begin PBXFrameworksBuildPhase section */
		EC68996B1EF13A5F00B41163 /* Frameworks */ = {
			isa = PBXFrameworksBuildPhase;
			buildActionMask = 2147483647;
			files = (
			);
			runOnlyForDeploymentPostprocessing = 0;
		};
/* End PBXFrameworksBuildPhase section */

/* Begin PBXGroup section */
		EC6899651EF13A5F00B41163 = {
			isa = PBXGroup;
			children = (
				EC6899701EF13A5F00B41163 /* pro2 */,
				EC68996F1EF13A5F00B41163 /* Products */,
			);
			sourceTree = "<group>";
		};
		EC68996F1EF13A5F00B41163 /* Products */ = {
			isa = PBXGroup;
			children = (
				EC68996E1EF13A5F00B41163 /* pro2.app */,
			);
			name = Products;
			sourceTree = "<group>";
		};
		EC6899701EF13A5F00B41163 /* pro2 */ = {
			isa = PBXGroup;
			children = (
				EC6899711EF13A5F00B41163 /* AppDelegate.swift */,
				EC6899731EF13A5F00B41163 /* ViewController.swift */,
				EC6899751EF13A5F00B41163 /* Main.storyboard */,
				EC68997B1EF13A5F00B41163 /* Assets.xcassets */,
				EC68997D1EF13A5F00B41163 /* LaunchScreen.storyboard */,
				EC6899801EF13A5F00B41163 /* Info.plist */,
				EC6899781EF13A5F00B41163 /* pro2.xcdatamodeld */,
			);
			path = pro2;
			sourceTree = "<group>";
		};
/* End PBXGroup section */

/* Begin PBXNativeTarget section */
		EC68996D1EF13A5F00B41163 /* pro2 */ = {
			isa = PBXNativeTarget;
			buildConfigurationList = EC6899831EF13A5F00B41163 /* Build configuration list for PBXNativeTarget "pro2" */;
			buildPhases = (
				EC68996A1EF13A5F00B41163 /* Sources */,
				EC68996B1EF13A5F00B41163 /* Frameworks */,
				EC68996C1EF13A5F00B41163 /* Resources */,
			);
			buildRules = (
			);
			dependencies = (
			);
			name = pro2;
			productName = pro2;
			productReference = EC68996E1EF13A5F00B41163 /* pro2.app */;
			productType = "com.apple.product-type.application";
		};
/* End PBXNativeTarget section */

/* Begin PBXProject section */
		EC6899661EF13A5F00B41163 /* Project object */ = {
			isa = PBXProject;
			attributes = {
				LastSwiftUpdateCheck = 0820;
				LastUpgradeCheck = 0820;
				ORGANIZATIONNAME = Intern;
				TargetAttributes = {
					EC68996D1EF13A5F00B41163 = {
						CreatedOnToolsVersion = 8.2.1;
						DevelopmentTeam = EPRAJ965WT;
						ProvisioningStyle = Automatic;
					};
				};
			};
			buildConfigurationList = EC6899691EF13A5F00B41163 /* Build configuration list for PBXProject "pro2" */;
			compatibilityVersion = "Xcode 3.2";
			developmentRegion = English;
			hasScannedForEncodings = 0;
			knownRegions = (
				en,
				Base,
			);
			mainGroup = EC6899651EF13A5F00B41163;
			productRefGroup = EC68996F1EF13A5F00B41163 /* Products */;
			projectDirPath = "";
			projectRoot = "";
			targets = (
				EC68996D1EF13A5F00B41163 /* pro2 */,
			);
		};
/* End PBXProject section */

/* Begin PBXResourcesBuildPhase section */
		EC68996C1EF13A5F00B41163 /* Resources */ = {
			isa = PBXResourcesBuildPhase;
			buildActionMask = 2147483647;
			files = (
				EC68997F1EF13A5F00B41163 /* LaunchScreen.storyboard in Resources */,
				EC68997C1EF13A5F00B41163 /* Assets.xcassets in Resources */,
				EC6899771EF13A5F00B41163 /* Main.storyboard in Resources */,
			);
			runOnlyForDeploymentPostprocessing = 0;
		};
/* End PBXResourcesBuildPhase section */

/* Begin PBXSourcesBuildPhase section */
		EC68996A1EF13A5F00B41163 /* Sources */ = {
			isa = PBXSourcesBuildPhase;
			buildActionMask = 2147483647;
			files = (
				EC6899741EF13A5F00B41163 /* ViewController.swift in Sources */,
				EC68997A1EF13A5F00B41163 /* pro2.xcdatamodeld in Sources */,
				EC6899721EF13A5F00B41163 /* AppDelegate.swift in Sources */,
			);
			runOnlyForDeploymentPostprocessing = 0;
		};
/* End PBXSourcesBuildPhase section */

/* Begin PBXVariantGroup section */
		EC6899751EF13A5F00B41163 /* Main.storyboard */ = {
			isa = PBXVariantGroup;
			children = (
				EC6899761EF13A5F00B41163 /* Base */,
			);
			name = Main.storyboard;
			sourceTree = "<group>";
		};
		EC68997D1EF13A5F00B41163 /* LaunchScreen.storyboard */ = {
			isa = PBXVariantGroup;
			children = (
				EC68997E1EF13A5F00B41163 /* Base */,
			);
			name = LaunchScreen.storyboard;
			sourceTree = "<group>";
		};
/* End PBXVariantGroup section */

/* Begin XCBuildConfiguration section */
		EC6899811EF13A5F00B41163 /* Debug */ = {
			isa = XCBuildConfiguration;
			buildSettings = {
				ALWAYS_SEARCH_USER_PATHS = NO;
				CLANG_ANALYZER_NONNULL = YES;
				CLANG_CXX_LANGUAGE_STANDARD = "gnu++0x";
				CLANG_CXX_LIBRARY = "libc++";
				CLANG_ENABLE_MODULES = YES;
				CLANG_ENABLE_OBJC_ARC = YES;
				CLANG_WARN_BOOL_CONVERSION = YES;
				CLANG_WARN_CONSTANT_CONVERSION = YES;
				CLANG_WARN_DIRECT_OBJC_ISA_USAGE = YES_ERROR;
				CLANG_WARN_DOCUMENTATION_COMMENTS = YES;
				CLANG_WARN_EMPTY_BODY = YES;
				CLANG_WARN_ENUM_CONVERSION = YES;
				CLANG_WARN_INFINITE_RECURSION = YES;
				CLANG_WARN_INT_CONVERSION = YES;
				CLANG_WARN_OBJC_ROOT_CLASS = YES_ERROR;
				CLANG_WARN_SUSPICIOUS_MOVE = YES;
				CLANG_WARN_UNREACHABLE_CODE = YES;
				CLANG_WARN__DUPLICATE_METHOD_MATCH = YES;
				"CODE_SIGN_IDENTITY[sdk=iphoneos*]" = "iPhone Developer";
				COPY_PHASE_STRIP = NO;
				DEBUG_INFORMATION_FORMAT = dwarf;
				ENABLE_STRICT_OBJC_MSGSEND = YES;
				ENABLE_TESTABILITY = YES;
				GCC_C_LANGUAGE_STANDARD = gnu99;
				GCC_DYNAMIC_NO_PIC = NO;
				GCC_NO_COMMON_BLOCKS = YES;
				GCC_OPTIMIZATION_LEVEL = 0;
				GCC_PREPROCESSOR_DEFINITIONS = (
					"DEBUG=1",
					"$(inherited)",
				);
				GCC_WARN_64_TO_32_BIT_CONVERSION = YES;
				GCC_WARN_ABOUT_RETURN_TYPE = YES_ERROR;
				GCC_WARN_UNDECLARED_SELECTOR = YES;
				GCC_WARN_UNINITIALIZED_AUTOS = YES_AGGRESSIVE;
				GCC_WARN_UNUSED_FUNCTION = YES;
				GCC_WARN_UNUSED_VARIABLE = YES;
				IPHONEOS_DEPLOYMENT_TARGET = 10.2;
				MTL_ENABLE_DEBUG_INFO = YES;
				ONLY_ACTIVE_ARCH = YES;
				SDKROOT = iphoneos;
				SWIFT_ACTIVE_COMPILATION_CONDITIONS = DEBUG;
				SWIFT_OPTIMIZATION_LEVEL = "-Onone";
			};
			name = Debug;
		};
		EC6899821EF13A5F00B41163 /* Release */ = {
			isa = XCBuildConfiguration;
			buildSettings = {
				ALWAYS_SEARCH_USER_PATHS = NO;
				CLANG_ANALYZER_NONNULL = YES;
				CLANG_CXX_LANGUAGE_STANDARD = "gnu++0x";
				CLANG_CXX_LIBRARY = "libc++";
				CLANG_ENABLE_MODULES = YES;
				CLANG_ENABLE_OBJC_ARC = YES;
				CLANG_WARN_BOOL_CONVERSION = YES;
				CLANG_WARN_CONSTANT_CONVERSION = YES;
				CLANG_WARN_DIRECT_OBJC_ISA_USAGE = YES_ERROR;
				CLANG_WARN_DOCUMENTATION_COMMENTS = YES;
				CLANG_WARN_EMPTY_BODY = YES;
				CLANG_WARN_ENUM_CONVERSION = YES;
				CLANG_WARN_INFINITE_RECURSION = YES;
				CLANG_WARN_INT_CONVERSION = YES;
				CLANG_WARN_OBJC_ROOT_CLASS = YES_ERROR;
				CLANG_WARN_SUSPICIOUS_MOVE = YES;
				CLANG_WARN_UNREACHABLE_CODE = YES;
				CLANG_WARN__DUPLICATE_METHOD_MATCH = YES;
				"CODE_SIGN_IDENTITY[sdk=iphoneos*]" = "iPhone Developer";
				COPY_PHASE_STRIP = NO;
				DEBUG_INFORMATION_FORMAT = "dwarf-with-dsym";
				ENABLE_NS_ASSERTIONS = NO;
				ENABLE_STRICT_OBJC_MSGSEND = YES;
				GCC_C_LANGUAGE_STANDARD = gnu99;
				GCC_NO_COMMON_BLOCKS = YES;
				GCC_WARN_64_TO_32_BIT_CONVERSION = YES;
				GCC_WARN_ABOUT_RETURN_TYPE = YES_ERROR;
				GCC_WARN_UNDECLARED_SELECTOR = YES;
				GCC_WARN_UNINITIALIZED_AUTOS = YES_AGGRESSIVE;
				GCC_WARN_UNUSED_FUNCTION = YES;
				GCC_WARN_UNUSED_VARIABLE = YES;
				IPHONEOS_DEPLOYMENT_TARGET = 10.2;
				MTL_ENABLE_DEBUG_INFO = NO;
				SDKROOT = iphoneos;
				SWIFT_OPTIMIZATION_LEVEL = "-Owholemodule";
				VALIDATE_PRODUCT = YES;
			};
			name = Release;
		};
		EC6899841EF13A5F00B41163 /* Debug */ = {
			isa = XCBuildConfiguration;
			buildSettings = {
				ASSETCATALOG_COMPILER_APPICON_NAME = AppIcon;
				DEVELOPMENT_TEAM = EPRAJ965WT;
				INFOPLIST_FILE = pro2/Info.plist;
				LD_RUNPATH_SEARCH_PATHS = "$(inherited) @executable_path/Frameworks";
				PRODUCT_BUNDLE_IDENTIFIER = com.intern.pro2;
				PRODUCT_NAME = "$(TARGET_NAME)";
				SWIFT_VERSION = 3.0;
			};
			name = Debug;
		};
		EC6899851EF13A5F00B41163 /* Release */ = {
			isa = XCBuildConfiguration;
			buildSettings = {
				ASSETCATALOG_COMPILER_APPICON_NAME = AppIcon;
				DEVELOPMENT_TEAM = EPRAJ965WT;
				INFOPLIST_FILE = pro2/Info.plist;
				LD_RUNPATH_SEARCH_PATHS = "$(inherited) @executable_path/Frameworks";
				PRODUCT_BUNDLE_IDENTIFIER = com.intern.pro2;
				PRODUCT_NAME = "$(TARGET_NAME)";
				SWIFT_VERSION = 3.0;
			};
			name = Release;
		};
/* End XCBuildConfiguration section */

/* Begin XCConfigurationList section */
		EC6899691EF13A5F00B41163 /* Build configuration list for PBXProject "pro2" */ = {
			isa = XCConfigurationList;
			buildConfigurations = (
				EC6899811EF13A5F00B41163 /* Debug */,
				EC6899821EF13A5F00B41163 /* Release */,
			);
			defaultConfigurationIsVisible = 0;
			defaultConfigurationName = Release;
		};
		EC6899831EF13A5F00B41163 /* Build configuration list for PBXNativeTarget "pro2" */ = {
			isa = XCConfigurationList;
			buildConfigurations = (
				EC6899841EF13A5F00B41163 /* Debug */,
				EC6899851EF13A5F00B41163 /* Release */,
			);
			defaultConfigurationIsVisible = 0;
		};
/* End XCConfigurationList section */

/* Begin XCVersionGroup section */
		EC6899781EF13A5F00B41163 /* pro2.xcdatamodeld */ = {
			isa = XCVersionGroup;
			children = (
				EC6899791EF13A5F00B41163 /* pro2.xcdatamodel */,
			);
			currentVersion = EC6899791EF13A5F00B41163 /* pro2.xcdatamodel */;
			path = pro2.xcdatamodeld;
			sourceTree = "<group>";
			versionGroupType = wrapper.xcdatamodel;
		};
/* End XCVersionGroup section */
	};
	rootObject = EC6899661EF13A5F00B41163 /* Project object */;
}
